{
  "nodes": {
    "deploy-rs": {
      "inputs": {
        "flake-compat": "flake-compat",
        "naersk": "naersk",
        "nixpkgs": "nixpkgs",
        "utils": "utils"
      },
      "locked": {
        "lastModified": 1613777564,
        "narHash": "sha256-REYWp3PVwcPx1vqx58NJpT9oaDOnRncVJbocWMKOgME=",
        "owner": "serokell",
        "repo": "deploy-rs",
        "rev": "c599d36da6c9a59d1ac2e39d6b7eeb6ab2925769",
        "type": "github"
      },
      "original": {
        "owner": "serokell",
        "repo": "deploy-rs",
        "type": "github"
      }
    },
    "flake-compat": {
      "flake": false,
      "locked": {
        "lastModified": 1606424373,
        "narHash": "sha256-oq8d4//CJOrVj+EcOaSXvMebvuTkmBJuT5tzlfewUnQ=",
        "owner": "edolstra",
        "repo": "flake-compat",
        "rev": "99f1c2157fba4bfe6211a321fd0ee43199025dbf",
        "type": "github"
      },
      "original": {
        "owner": "edolstra",
        "repo": "flake-compat",
        "type": "github"
      }
    },
    "futils": {
      "locked": {
        "lastModified": 1605370193,
        "narHash": "sha256-YyMTf3URDL/otKdKgtoMChu4vfVL3vCMkRqpGifhUn0=",
        "owner": "numtide",
        "repo": "flake-utils",
        "rev": "5021eac20303a61fafe17224c087f5519baed54d",
        "type": "github"
      },
      "original": {
        "owner": "numtide",
        "repo": "flake-utils",
        "type": "github"
      }
    },
    "futils_2": {
      "locked": {
        "lastModified": 1605370193,
        "narHash": "sha256-YyMTf3URDL/otKdKgtoMChu4vfVL3vCMkRqpGifhUn0=",
        "owner": "numtide",
        "repo": "flake-utils",
        "rev": "5021eac20303a61fafe17224c087f5519baed54d",
        "type": "github"
      },
      "original": {
        "owner": "numtide",
        "repo": "flake-utils",
        "type": "github"
      }
    },
    "home-manager": {
      "inputs": {
        "nixpkgs": [
          "nixpkgs"
        ]
      },
      "locked": {
        "lastModified": 1609010567,
        "narHash": "sha256-N6WslRAtrvCPCpQnxQqo+VlSivX/KylL9Xy/OZr0kMg=",
        "owner": "nix-community",
        "repo": "home-manager",
        "rev": "22f6736e628958f05222ddaadd7df7818fe8f59d",
        "type": "github"
      },
      "original": {
        "owner": "nix-community",
        "ref": "release-20.09",
        "repo": "home-manager",
        "type": "github"
      }
    },
    "naersk": {
      "inputs": {
        "nixpkgs": [
          "nixpkgs"
        ]
      },
      "locked": {
        "lastModified": 1610392286,
        "narHash": "sha256-3wFl5y+4YZO4SgRYK8WE7JIS3p0sxbgrGaQ6RMw+d98=",
        "owner": "nmattia",
        "repo": "naersk",
        "rev": "d7bfbad3304fd768c0f93a4c3b50976275e6d4be",
        "type": "github"
      },
      "original": {
        "owner": "nmattia",
        "ref": "master",
        "repo": "naersk",
        "type": "github"
      }
    },
    "nixos-hardware": {
      "locked": {
        "lastModified": 1607254103,
        "narHash": "sha256-oU+aVtY3vIY0hGNUJM5RKdhx6ipuFDdn3farszfys/0=",
        "owner": "NixOS",
        "repo": "nixos-hardware",
        "rev": "87522b29a276a4cab5718e5309aa7d74bc7de75a",
        "type": "github"
      },
      "original": {
        "id": "nixos-hardware",
        "type": "indirect"
      }
    },
    "nixpkgs": {
      "locked": {
        "lastModified": 1610942247,
        "narHash": "sha256-PKo1ATAlC6BmfYSRmX0TVmNoFbrec+A5OKcabGEu2yU=",
        "owner": "NixOS",
        "repo": "nixpkgs",
        "rev": "7d71001b796340b219d1bfa8552c81995017544a",
        "type": "github"
      },
      "original": {
        "owner": "NixOS",
        "ref": "nixpkgs-unstable",
        "repo": "nixpkgs",
        "type": "github"
      }
    },
    "nixpkgs-master": {
      "locked": {
        "lastModified": 1615183879,
        "narHash": "sha256-LTFIYtkdsdpNH7c6Tv4UEmqI4duz+Z+aQDCT+SmeJks=",
        "owner": "NixOS",
        "repo": "nixpkgs",
        "rev": "df069bf868de6a018632536a5366a43249d92808",
        "type": "github"
      },
      "original": {
        "id": "nixpkgs",
        "ref": "master",
        "type": "indirect"
      }
    },
    "nixpkgs_2": {
      "locked": {
        "lastModified": 1614338965,
        "narHash": "sha256-2HPgL9171Dhlg9lS4Ep5aeh4ejRCED+gNmU9tYzgyic=",
        "owner": "NixOS",
        "repo": "nixpkgs",
        "rev": "113092f5531ef38a45046990199873755a372646",
        "type": "github"
      },
      "original": {
        "id": "nixpkgs",
        "ref": "release-20.09",
        "type": "indirect"
      }
    },
    "nur": {
      "locked": {
        "lastModified": 1608264880,
        "narHash": "sha256-a/+ysY31FkQ1wpUKI31i+7hkP+tM8IrjmX18j/5AXno=",
        "owner": "nix-community",
        "repo": "NUR",
        "rev": "09b34c44391563b8c9f50e92a8db02b510d5e40f",
        "type": "github"
      },
      "original": {
        "id": "nur",
        "type": "indirect"
      }
    },
    "root": {
      "inputs": {
        "deploy-rs": "deploy-rs",
        "futils": "futils",
        "home-manager": "home-manager",
        "nixos-hardware": "nixos-hardware",
        "nixpkgs": "nixpkgs_2",
        "nixpkgs-master": "nixpkgs-master",
        "nur": "nur",
        "sops-nix": "sops-nix",
        "soxin": "soxin"
      }
    },
    "sops-nix": {
      "inputs": {
        "nixpkgs": [
          "nixpkgs"
        ]
      },
      "locked": {
        "lastModified": 1608002285,
        "narHash": "sha256-NRTuYRlVUFMyCGQK3CGxzyvIiZY6PnnKAG5B/QLK8M4=",
        "owner": "Mic92",
        "repo": "sops-nix",
        "rev": "797e7552776441a018e0a7299b5ba647aed40ffe",
        "type": "github"
      },
      "original": {
        "owner": "Mic92",
        "repo": "sops-nix",
        "type": "github"
      }
    },
    "soxin": {
      "inputs": {
        "futils": "futils_2",
        "home-manager": [
          "home-manager"
        ],
        "nixpkgs": [
          "nixpkgs"
        ]
      },
      "locked": {
        "lastModified": 1609124438,
        "narHash": "sha256-WfqrYe10dtr625vCnie8nNZlAdm89ENi+ifswaP8k0I=",
        "owner": "SoxinOS",
        "repo": "soxin",
        "rev": "d8c6df5a527dd272342cce2241ca636099032599",
        "type": "github"
      },
      "original": {
        "owner": "SoxinOS",
        "repo": "soxin",
        "type": "github"
      }
    },
    "utils": {
      "locked": {
        "lastModified": 1610051610,
        "narHash": "sha256-U9rPz/usA1/Aohhk7Cmc2gBrEEKRzcW4nwPWMPwja4Y=",
        "owner": "numtide",
        "repo": "flake-utils",
        "rev": "3982c9903e93927c2164caa727cd3f6a0e6d14cc",
        "type": "github"
      },
      "original": {
        "owner": "numtide",
        "repo": "flake-utils",
        "type": "github"
      }
    }
  },
  "root": "root",
  "version": 7
}
